
Microsoft Visual Studio Solution File, Format Version 12.00
# Visual Studio Version 16
VisualStudioVersion = 16.0.30611.23
MinimumVisualStudioVersion = 10.0.40219.1
Project("{FAE04EC0-301F-11D3-BF4B-00C04F79EFBC}") = "eDoc", "eDoc.csproj", "{819EE427-C4B6-4DF7-A84C-E0EE45380AAF}"
EndProject
Global
	GlobalSection(SolutionConfigurationPlatforms) = preSolution
		Debug|Any CPU = Debug|Any CPU
		Release|Any CPU = Release|Any CPU
	EndGlobalSection
	GlobalSection(ProjectConfigurationPlatforms) = postSolution
		{819EE427-C4B6-4DF7-A84C-E0EE45380AAF}.Debug|Any CPU.ActiveCfg = Debug|Any CPU
		{819EE427-C4B6-4DF7-A84C-E0EE45380AAF}.Debug|Any CPU.Build.0 = Debug|Any CPU
		{819EE427-C4B6-4DF7-A84C-E0EE45380AAF}.Release|Any CPU.ActiveCfg = Release|Any CPU
		{819EE427-C4B6-4DF7-A84C-E0EE45380AAF}.Release|Any CPU.Build.0 = Release|Any CPU
	EndGlobalSection
	GlobalSection(SolutionProperties) = preSolution
		HideSolutionNode = FALSE
	EndGlobalSection
	GlobalSection(ExtensibilityGlobals) = postSolution
		SolutionGuid = {95F5DECA-144B-42E9-9326-C774640236CF}
	EndGlobalSection
EndGlobal
